
Microsoft Visual Studio Solution File, Format Version 12.00
# Visual Studio Version 17
VisualStudioVersion = 17.4.33110.190
MinimumVisualStudioVersion = 10.0.40219.1
Project("{FAE04EC0-301F-11D3-BF4B-00C04F79EFBC}") = "UpdateThingy", "UpdateThingy\UpdateThingy.csproj", "{733A19D2-A628-42F0-BBD7-A2035B9645E8}"
EndProject
Global
	GlobalSection(SolutionConfigurationPlatforms) = preSolution
		Debug|Any CPU = Debug|Any CPU
		Release|Any CPU = Release|Any CPU
	EndGlobalSection
	GlobalSection(ProjectConfigurationPlatforms) = postSolution
		{733A19D2-A628-42F0-BBD7-A2035B9645E8}.Debug|Any CPU.ActiveCfg = Debug|Any CPU
		{733A19D2-A628-42F0-BBD7-A2035B9645E8}.Debug|Any CPU.Build.0 = Debug|Any CPU
		{733A19D2-A628-42F0-BBD7-A2035B9645E8}.Release|Any CPU.ActiveCfg = Release|Any CPU
		{733A19D2-A628-42F0-BBD7-A2035B9645E8}.Release|Any CPU.Build.0 = Release|Any CPU
	EndGlobalSection
	GlobalSection(SolutionProperties) = preSolution
		HideSolutionNode = FALSE
	EndGlobalSection
	GlobalSection(ExtensibilityGlobals) = postSolution
		SolutionGuid = {B4F5A8F6-05B2-4959-B948-4282BF3AED66}
	EndGlobalSection
EndGlobal
