
Microsoft Visual Studio Solution File, Format Version 12.00
# Visual Studio Version 17
VisualStudioVersion = 17.1.32414.318
MinimumVisualStudioVersion = 10.0.40219.1
Project("{FAE04EC0-301F-11D3-BF4B-00C04F79EFBC}") = "zoo2", "zoo2\zoo2.csproj", "{F9783B87-52F6-4337-B345-B08CBFD3747C}"
EndProject
Global
	GlobalSection(SolutionConfigurationPlatforms) = preSolution
		Debug|Any CPU = Debug|Any CPU
		Release|Any CPU = Release|Any CPU
	EndGlobalSection
	GlobalSection(ProjectConfigurationPlatforms) = postSolution
		{F9783B87-52F6-4337-B345-B08CBFD3747C}.Debug|Any CPU.ActiveCfg = Debug|Any CPU
		{F9783B87-52F6-4337-B345-B08CBFD3747C}.Debug|Any CPU.Build.0 = Debug|Any CPU
		{F9783B87-52F6-4337-B345-B08CBFD3747C}.Release|Any CPU.ActiveCfg = Release|Any CPU
		{F9783B87-52F6-4337-B345-B08CBFD3747C}.Release|Any CPU.Build.0 = Release|Any CPU
	EndGlobalSection
	GlobalSection(SolutionProperties) = preSolution
		HideSolutionNode = FALSE
	EndGlobalSection
	GlobalSection(ExtensibilityGlobals) = postSolution
		SolutionGuid = {2DCB5278-57A7-4C9F-BAED-1B30532C59C1}
	EndGlobalSection
EndGlobal
