
Microsoft Visual Studio Solution File, Format Version 12.00
# Visual Studio Version 16
VisualStudioVersion = 16.0.31702.278
MinimumVisualStudioVersion = 10.0.40219.1
Project("{FAE04EC0-301F-11D3-BF4B-00C04F79EFBC}") = "prevodCelsiaNaFahrenhait", "prevodCelsiaNaFahrenhait\prevodCelsiaNaFahrenhait.csproj", "{0D75827A-106E-40DA-8ABB-3DA7058EAA62}"
EndProject
Global
	GlobalSection(SolutionConfigurationPlatforms) = preSolution
		Debug|Any CPU = Debug|Any CPU
		Release|Any CPU = Release|Any CPU
	EndGlobalSection
	GlobalSection(ProjectConfigurationPlatforms) = postSolution
		{0D75827A-106E-40DA-8ABB-3DA7058EAA62}.Debug|Any CPU.ActiveCfg = Debug|Any CPU
		{0D75827A-106E-40DA-8ABB-3DA7058EAA62}.Debug|Any CPU.Build.0 = Debug|Any CPU
		{0D75827A-106E-40DA-8ABB-3DA7058EAA62}.Release|Any CPU.ActiveCfg = Release|Any CPU
		{0D75827A-106E-40DA-8ABB-3DA7058EAA62}.Release|Any CPU.Build.0 = Release|Any CPU
	EndGlobalSection
	GlobalSection(SolutionProperties) = preSolution
		HideSolutionNode = FALSE
	EndGlobalSection
	GlobalSection(ExtensibilityGlobals) = postSolution
		SolutionGuid = {72CA1FEA-7B7A-45CB-B9E4-94FD6EA15CB2}
	EndGlobalSection
EndGlobal
