
Microsoft Visual Studio Solution File, Format Version 12.00
# Visual Studio Version 16
VisualStudioVersion = 16.0.31702.278
MinimumVisualStudioVersion = 10.0.40219.1
Project("{FAE04EC0-301F-11D3-BF4B-00C04F79EFBC}") = "PrevodDoRimskychCislic", "PrevodDoRimskychCislic\PrevodDoRimskychCislic.csproj", "{2390BB44-953E-4AEF-847B-F8698E3C0F27}"
EndProject
Global
	GlobalSection(SolutionConfigurationPlatforms) = preSolution
		Debug|Any CPU = Debug|Any CPU
		Release|Any CPU = Release|Any CPU
	EndGlobalSection
	GlobalSection(ProjectConfigurationPlatforms) = postSolution
		{2390BB44-953E-4AEF-847B-F8698E3C0F27}.Debug|Any CPU.ActiveCfg = Debug|Any CPU
		{2390BB44-953E-4AEF-847B-F8698E3C0F27}.Debug|Any CPU.Build.0 = Debug|Any CPU
		{2390BB44-953E-4AEF-847B-F8698E3C0F27}.Release|Any CPU.ActiveCfg = Release|Any CPU
		{2390BB44-953E-4AEF-847B-F8698E3C0F27}.Release|Any CPU.Build.0 = Release|Any CPU
	EndGlobalSection
	GlobalSection(SolutionProperties) = preSolution
		HideSolutionNode = FALSE
	EndGlobalSection
	GlobalSection(ExtensibilityGlobals) = postSolution
		SolutionGuid = {CBF63DCB-D076-4F36-9ED5-53F333644308}
	EndGlobalSection
EndGlobal
