
Microsoft Visual Studio Solution File, Format Version 12.00
# Visual Studio Version 16
VisualStudioVersion = 16.0.31702.278
MinimumVisualStudioVersion = 10.0.40219.1
Project("{FAE04EC0-301F-11D3-BF4B-00C04F79EFBC}") = "WhatIsThatTriangle", "WhatIsThatTriangle.csproj", "{600707F1-1580-4CDC-B2DB-4578B5CB208A}"
EndProject
Global
	GlobalSection(SolutionConfigurationPlatforms) = preSolution
		Debug|Any CPU = Debug|Any CPU
		Release|Any CPU = Release|Any CPU
	EndGlobalSection
	GlobalSection(ProjectConfigurationPlatforms) = postSolution
		{600707F1-1580-4CDC-B2DB-4578B5CB208A}.Debug|Any CPU.ActiveCfg = Debug|Any CPU
		{600707F1-1580-4CDC-B2DB-4578B5CB208A}.Debug|Any CPU.Build.0 = Debug|Any CPU
		{600707F1-1580-4CDC-B2DB-4578B5CB208A}.Release|Any CPU.ActiveCfg = Release|Any CPU
		{600707F1-1580-4CDC-B2DB-4578B5CB208A}.Release|Any CPU.Build.0 = Release|Any CPU
	EndGlobalSection
	GlobalSection(SolutionProperties) = preSolution
		HideSolutionNode = FALSE
	EndGlobalSection
	GlobalSection(ExtensibilityGlobals) = postSolution
		SolutionGuid = {AE37D1DA-1F55-4F57-8F3F-03A15C5AA0A8}
	EndGlobalSection
EndGlobal
