
Microsoft Visual Studio Solution File, Format Version 12.00
# Visual Studio Version 16
VisualStudioVersion = 16.0.31702.278
MinimumVisualStudioVersion = 10.0.40219.1
Project("{FAE04EC0-301F-11D3-BF4B-00C04F79EFBC}") = "CislaPodleKorun", "CislaPodleKorun.csproj", "{C62D5F20-8506-428F-B2FD-60ED32A5C32A}"
EndProject
Global
	GlobalSection(SolutionConfigurationPlatforms) = preSolution
		Debug|Any CPU = Debug|Any CPU
		Release|Any CPU = Release|Any CPU
	EndGlobalSection
	GlobalSection(ProjectConfigurationPlatforms) = postSolution
		{C62D5F20-8506-428F-B2FD-60ED32A5C32A}.Debug|Any CPU.ActiveCfg = Debug|Any CPU
		{C62D5F20-8506-428F-B2FD-60ED32A5C32A}.Debug|Any CPU.Build.0 = Debug|Any CPU
		{C62D5F20-8506-428F-B2FD-60ED32A5C32A}.Release|Any CPU.ActiveCfg = Release|Any CPU
		{C62D5F20-8506-428F-B2FD-60ED32A5C32A}.Release|Any CPU.Build.0 = Release|Any CPU
	EndGlobalSection
	GlobalSection(SolutionProperties) = preSolution
		HideSolutionNode = FALSE
	EndGlobalSection
	GlobalSection(ExtensibilityGlobals) = postSolution
		SolutionGuid = {D3090D40-979D-454D-947D-AB2EFC6BB4F5}
	EndGlobalSection
EndGlobal
