
Microsoft Visual Studio Solution File, Format Version 12.00
# Visual Studio Version 17
VisualStudioVersion = 17.4.33110.190
MinimumVisualStudioVersion = 10.0.40219.1
Project("{FAE04EC0-301F-11D3-BF4B-00C04F79EFBC}") = "WriteAndRead", "WriteAndRead\WriteAndRead.csproj", "{18D058B3-7284-4B4A-9F15-369616D59E25}"
EndProject
Global
	GlobalSection(SolutionConfigurationPlatforms) = preSolution
		Debug|Any CPU = Debug|Any CPU
		Release|Any CPU = Release|Any CPU
	EndGlobalSection
	GlobalSection(ProjectConfigurationPlatforms) = postSolution
		{18D058B3-7284-4B4A-9F15-369616D59E25}.Debug|Any CPU.ActiveCfg = Debug|Any CPU
		{18D058B3-7284-4B4A-9F15-369616D59E25}.Debug|Any CPU.Build.0 = Debug|Any CPU
		{18D058B3-7284-4B4A-9F15-369616D59E25}.Release|Any CPU.ActiveCfg = Release|Any CPU
		{18D058B3-7284-4B4A-9F15-369616D59E25}.Release|Any CPU.Build.0 = Release|Any CPU
	EndGlobalSection
	GlobalSection(SolutionProperties) = preSolution
		HideSolutionNode = FALSE
	EndGlobalSection
	GlobalSection(ExtensibilityGlobals) = postSolution
		SolutionGuid = {1089A030-DAE9-472C-9054-50CD191D3E50}
	EndGlobalSection
EndGlobal
