
Microsoft Visual Studio Solution File, Format Version 12.00
# Visual Studio Version 16
VisualStudioVersion = 16.0.31702.278
MinimumVisualStudioVersion = 10.0.40219.1
Project("{FAE04EC0-301F-11D3-BF4B-00C04F79EFBC}") = "CiselneRadyhah", "CiselneRadyhah.csproj", "{FF57E67D-A8A2-4E27-A377-17650D54C026}"
EndProject
Global
	GlobalSection(SolutionConfigurationPlatforms) = preSolution
		Debug|Any CPU = Debug|Any CPU
		Release|Any CPU = Release|Any CPU
	EndGlobalSection
	GlobalSection(ProjectConfigurationPlatforms) = postSolution
		{FF57E67D-A8A2-4E27-A377-17650D54C026}.Debug|Any CPU.ActiveCfg = Debug|Any CPU
		{FF57E67D-A8A2-4E27-A377-17650D54C026}.Debug|Any CPU.Build.0 = Debug|Any CPU
		{FF57E67D-A8A2-4E27-A377-17650D54C026}.Release|Any CPU.ActiveCfg = Release|Any CPU
		{FF57E67D-A8A2-4E27-A377-17650D54C026}.Release|Any CPU.Build.0 = Release|Any CPU
	EndGlobalSection
	GlobalSection(SolutionProperties) = preSolution
		HideSolutionNode = FALSE
	EndGlobalSection
	GlobalSection(ExtensibilityGlobals) = postSolution
		SolutionGuid = {260C1F80-E97A-4FF6-AF1D-17AAC2C59E9B}
	EndGlobalSection
EndGlobal
