
Microsoft Visual Studio Solution File, Format Version 12.00
# Visual Studio Version 16
VisualStudioVersion = 16.0.31702.278
MinimumVisualStudioVersion = 10.0.40219.1
Project("{FAE04EC0-301F-11D3-BF4B-00C04F79EFBC}") = "CiselneRady1", "CiselneRady1.csproj", "{75178F0A-4C68-4EF2-A47F-9FFDB1DEED40}"
EndProject
Global
	GlobalSection(SolutionConfigurationPlatforms) = preSolution
		Debug|Any CPU = Debug|Any CPU
		Release|Any CPU = Release|Any CPU
	EndGlobalSection
	GlobalSection(ProjectConfigurationPlatforms) = postSolution
		{75178F0A-4C68-4EF2-A47F-9FFDB1DEED40}.Debug|Any CPU.ActiveCfg = Debug|Any CPU
		{75178F0A-4C68-4EF2-A47F-9FFDB1DEED40}.Debug|Any CPU.Build.0 = Debug|Any CPU
		{75178F0A-4C68-4EF2-A47F-9FFDB1DEED40}.Release|Any CPU.ActiveCfg = Release|Any CPU
		{75178F0A-4C68-4EF2-A47F-9FFDB1DEED40}.Release|Any CPU.Build.0 = Release|Any CPU
	EndGlobalSection
	GlobalSection(SolutionProperties) = preSolution
		HideSolutionNode = FALSE
	EndGlobalSection
	GlobalSection(ExtensibilityGlobals) = postSolution
		SolutionGuid = {4F7D71D9-F97F-45D7-8BA2-911196B4051D}
	EndGlobalSection
EndGlobal
