
Microsoft Visual Studio Solution File, Format Version 12.00
# Visual Studio Version 16
VisualStudioVersion = 16.0.31702.278
MinimumVisualStudioVersion = 10.0.40219.1
Project("{FAE04EC0-301F-11D3-BF4B-00C04F79EFBC}") = "Pivovar", "Pivovar\Pivovar.csproj", "{F4705A6E-2BD0-444C-A116-B2D2E09CAE15}"
EndProject
Global
	GlobalSection(SolutionConfigurationPlatforms) = preSolution
		Debug|Any CPU = Debug|Any CPU
		Release|Any CPU = Release|Any CPU
	EndGlobalSection
	GlobalSection(ProjectConfigurationPlatforms) = postSolution
		{F4705A6E-2BD0-444C-A116-B2D2E09CAE15}.Debug|Any CPU.ActiveCfg = Debug|Any CPU
		{F4705A6E-2BD0-444C-A116-B2D2E09CAE15}.Debug|Any CPU.Build.0 = Debug|Any CPU
		{F4705A6E-2BD0-444C-A116-B2D2E09CAE15}.Release|Any CPU.ActiveCfg = Release|Any CPU
		{F4705A6E-2BD0-444C-A116-B2D2E09CAE15}.Release|Any CPU.Build.0 = Release|Any CPU
	EndGlobalSection
	GlobalSection(SolutionProperties) = preSolution
		HideSolutionNode = FALSE
	EndGlobalSection
	GlobalSection(ExtensibilityGlobals) = postSolution
		SolutionGuid = {55584AAF-6ECB-49EA-9413-8B392867BABD}
	EndGlobalSection
EndGlobal
