
Microsoft Visual Studio Solution File, Format Version 12.00
# Visual Studio Version 17
VisualStudioVersion = 17.4.33110.190
MinimumVisualStudioVersion = 10.0.40219.1
Project("{FAE04EC0-301F-11D3-BF4B-00C04F79EFBC}") = "Temp", "Temp\Temp.csproj", "{D8E4CC05-E9C6-4883-8C2B-98943187F0EA}"
EndProject
Global
	GlobalSection(SolutionConfigurationPlatforms) = preSolution
		Debug|Any CPU = Debug|Any CPU
		Release|Any CPU = Release|Any CPU
	EndGlobalSection
	GlobalSection(ProjectConfigurationPlatforms) = postSolution
		{D8E4CC05-E9C6-4883-8C2B-98943187F0EA}.Debug|Any CPU.ActiveCfg = Debug|Any CPU
		{D8E4CC05-E9C6-4883-8C2B-98943187F0EA}.Debug|Any CPU.Build.0 = Debug|Any CPU
		{D8E4CC05-E9C6-4883-8C2B-98943187F0EA}.Release|Any CPU.ActiveCfg = Release|Any CPU
		{D8E4CC05-E9C6-4883-8C2B-98943187F0EA}.Release|Any CPU.Build.0 = Release|Any CPU
	EndGlobalSection
	GlobalSection(SolutionProperties) = preSolution
		HideSolutionNode = FALSE
	EndGlobalSection
	GlobalSection(ExtensibilityGlobals) = postSolution
		SolutionGuid = {0DB3BAD2-27BD-452E-A771-A9A08D079E09}
	EndGlobalSection
EndGlobal
