
Microsoft Visual Studio Solution File, Format Version 12.00
# Visual Studio Version 16
VisualStudioVersion = 16.0.31702.278
MinimumVisualStudioVersion = 10.0.40219.1
Project("{FAE04EC0-301F-11D3-BF4B-00C04F79EFBC}") = "End Of Round", "End Of Round\End Of Round.csproj", "{681794E4-D4DE-4047-9347-30597824CF59}"
EndProject
Global
	GlobalSection(SolutionConfigurationPlatforms) = preSolution
		Debug|Any CPU = Debug|Any CPU
		Release|Any CPU = Release|Any CPU
	EndGlobalSection
	GlobalSection(ProjectConfigurationPlatforms) = postSolution
		{681794E4-D4DE-4047-9347-30597824CF59}.Debug|Any CPU.ActiveCfg = Debug|Any CPU
		{681794E4-D4DE-4047-9347-30597824CF59}.Debug|Any CPU.Build.0 = Debug|Any CPU
		{681794E4-D4DE-4047-9347-30597824CF59}.Release|Any CPU.ActiveCfg = Release|Any CPU
		{681794E4-D4DE-4047-9347-30597824CF59}.Release|Any CPU.Build.0 = Release|Any CPU
	EndGlobalSection
	GlobalSection(SolutionProperties) = preSolution
		HideSolutionNode = FALSE
	EndGlobalSection
	GlobalSection(ExtensibilityGlobals) = postSolution
		SolutionGuid = {29ABE223-C921-4FFA-B16D-517B94682061}
	EndGlobalSection
EndGlobal
