
Microsoft Visual Studio Solution File, Format Version 12.00
# Visual Studio Version 17
VisualStudioVersion = 17.1.32414.318
MinimumVisualStudioVersion = 10.0.40219.1
Project("{FAE04EC0-301F-11D3-BF4B-00C04F79EFBC}") = "testtt", "testtt\testtt.csproj", "{BE708495-7E24-4CB2-AC26-4EB4D9BEA086}"
EndProject
Global
	GlobalSection(SolutionConfigurationPlatforms) = preSolution
		Debug|Any CPU = Debug|Any CPU
		Release|Any CPU = Release|Any CPU
	EndGlobalSection
	GlobalSection(ProjectConfigurationPlatforms) = postSolution
		{BE708495-7E24-4CB2-AC26-4EB4D9BEA086}.Debug|Any CPU.ActiveCfg = Debug|Any CPU
		{BE708495-7E24-4CB2-AC26-4EB4D9BEA086}.Debug|Any CPU.Build.0 = Debug|Any CPU
		{BE708495-7E24-4CB2-AC26-4EB4D9BEA086}.Release|Any CPU.ActiveCfg = Release|Any CPU
		{BE708495-7E24-4CB2-AC26-4EB4D9BEA086}.Release|Any CPU.Build.0 = Release|Any CPU
	EndGlobalSection
	GlobalSection(SolutionProperties) = preSolution
		HideSolutionNode = FALSE
	EndGlobalSection
	GlobalSection(ExtensibilityGlobals) = postSolution
		SolutionGuid = {BFD2C0C1-977C-4B55-9392-0C618F95B801}
	EndGlobalSection
EndGlobal
