
Microsoft Visual Studio Solution File, Format Version 12.00
# Visual Studio Version 17
VisualStudioVersion = 17.4.33110.190
MinimumVisualStudioVersion = 10.0.40219.1
Project("{FAE04EC0-301F-11D3-BF4B-00C04F79EFBC}") = "Smth", "Smth\Smth.csproj", "{65F888FF-FADD-43BF-8502-85DA0562C0AF}"
EndProject
Global
	GlobalSection(SolutionConfigurationPlatforms) = preSolution
		Debug|Any CPU = Debug|Any CPU
		Release|Any CPU = Release|Any CPU
	EndGlobalSection
	GlobalSection(ProjectConfigurationPlatforms) = postSolution
		{65F888FF-FADD-43BF-8502-85DA0562C0AF}.Debug|Any CPU.ActiveCfg = Debug|Any CPU
		{65F888FF-FADD-43BF-8502-85DA0562C0AF}.Debug|Any CPU.Build.0 = Debug|Any CPU
		{65F888FF-FADD-43BF-8502-85DA0562C0AF}.Release|Any CPU.ActiveCfg = Release|Any CPU
		{65F888FF-FADD-43BF-8502-85DA0562C0AF}.Release|Any CPU.Build.0 = Release|Any CPU
	EndGlobalSection
	GlobalSection(SolutionProperties) = preSolution
		HideSolutionNode = FALSE
	EndGlobalSection
	GlobalSection(ExtensibilityGlobals) = postSolution
		SolutionGuid = {BA36BF47-1A7F-47E0-9AE7-28325A443EDB}
	EndGlobalSection
EndGlobal
