
Microsoft Visual Studio Solution File, Format Version 12.00
# Visual Studio Version 16
VisualStudioVersion = 16.0.31702.278
MinimumVisualStudioVersion = 10.0.40219.1
Project("{FAE04EC0-301F-11D3-BF4B-00C04F79EFBC}") = "VyberRandomHodnotyZalozenouUzivatelem", "VyberRandomHodnotyZalozenouUzivatelem.csproj", "{57AF8B87-1CF2-40BF-85AB-1960C6C15D0C}"
EndProject
Global
	GlobalSection(SolutionConfigurationPlatforms) = preSolution
		Debug|Any CPU = Debug|Any CPU
		Release|Any CPU = Release|Any CPU
	EndGlobalSection
	GlobalSection(ProjectConfigurationPlatforms) = postSolution
		{57AF8B87-1CF2-40BF-85AB-1960C6C15D0C}.Debug|Any CPU.ActiveCfg = Debug|Any CPU
		{57AF8B87-1CF2-40BF-85AB-1960C6C15D0C}.Debug|Any CPU.Build.0 = Debug|Any CPU
		{57AF8B87-1CF2-40BF-85AB-1960C6C15D0C}.Release|Any CPU.ActiveCfg = Release|Any CPU
		{57AF8B87-1CF2-40BF-85AB-1960C6C15D0C}.Release|Any CPU.Build.0 = Release|Any CPU
	EndGlobalSection
	GlobalSection(SolutionProperties) = preSolution
		HideSolutionNode = FALSE
	EndGlobalSection
	GlobalSection(ExtensibilityGlobals) = postSolution
		SolutionGuid = {ABC7027F-EE54-4EFF-BA8B-D6D15D733DD0}
	EndGlobalSection
EndGlobal
