
Microsoft Visual Studio Solution File, Format Version 12.00
# Visual Studio Version 16
VisualStudioVersion = 16.0.31702.278
MinimumVisualStudioVersion = 10.0.40219.1
Project("{FAE04EC0-301F-11D3-BF4B-00C04F79EFBC}") = "GlassBridge", "GlassBridge.csproj", "{C88BBB8C-1C86-4196-B9C1-707588AFC58E}"
EndProject
Global
	GlobalSection(SolutionConfigurationPlatforms) = preSolution
		Debug|Any CPU = Debug|Any CPU
		Release|Any CPU = Release|Any CPU
	EndGlobalSection
	GlobalSection(ProjectConfigurationPlatforms) = postSolution
		{C88BBB8C-1C86-4196-B9C1-707588AFC58E}.Debug|Any CPU.ActiveCfg = Debug|Any CPU
		{C88BBB8C-1C86-4196-B9C1-707588AFC58E}.Debug|Any CPU.Build.0 = Debug|Any CPU
		{C88BBB8C-1C86-4196-B9C1-707588AFC58E}.Release|Any CPU.ActiveCfg = Release|Any CPU
		{C88BBB8C-1C86-4196-B9C1-707588AFC58E}.Release|Any CPU.Build.0 = Release|Any CPU
	EndGlobalSection
	GlobalSection(SolutionProperties) = preSolution
		HideSolutionNode = FALSE
	EndGlobalSection
	GlobalSection(ExtensibilityGlobals) = postSolution
		SolutionGuid = {3C8F39E1-7EE0-4E4E-9CDD-6158CB079F1F}
	EndGlobalSection
EndGlobal
