
Microsoft Visual Studio Solution File, Format Version 12.00
# Visual Studio Version 16
VisualStudioVersion = 16.0.31702.278
MinimumVisualStudioVersion = 10.0.40219.1
Project("{FAE04EC0-301F-11D3-BF4B-00C04F79EFBC}") = "VrtulnicekAlgoritmizace", "VrtulnicekAlgoritmizace\VrtulnicekAlgoritmizace.csproj", "{A8DC25D0-6F8F-4FD5-91E2-5A22EFF423A5}"
EndProject
Global
	GlobalSection(SolutionConfigurationPlatforms) = preSolution
		Debug|Any CPU = Debug|Any CPU
		Release|Any CPU = Release|Any CPU
	EndGlobalSection
	GlobalSection(ProjectConfigurationPlatforms) = postSolution
		{A8DC25D0-6F8F-4FD5-91E2-5A22EFF423A5}.Debug|Any CPU.ActiveCfg = Debug|Any CPU
		{A8DC25D0-6F8F-4FD5-91E2-5A22EFF423A5}.Debug|Any CPU.Build.0 = Debug|Any CPU
		{A8DC25D0-6F8F-4FD5-91E2-5A22EFF423A5}.Release|Any CPU.ActiveCfg = Release|Any CPU
		{A8DC25D0-6F8F-4FD5-91E2-5A22EFF423A5}.Release|Any CPU.Build.0 = Release|Any CPU
	EndGlobalSection
	GlobalSection(SolutionProperties) = preSolution
		HideSolutionNode = FALSE
	EndGlobalSection
	GlobalSection(ExtensibilityGlobals) = postSolution
		SolutionGuid = {A70C833F-D85C-40DF-9725-5BF709B7156A}
	EndGlobalSection
EndGlobal
